
Microsoft Visual Studio Solution File, Format Version 12.00
# Visual Studio Version 16
VisualStudioVersion = 16.0.30413.136
MinimumVisualStudioVersion = 10.0.40219.1
Project("{FAE04EC0-301F-11D3-BF4B-00C04F79EFBC}") = "EnvironmentCrime", "EnvironmentCrime\EnvironmentCrime.csproj", "{A218DDE7-300D-486F-AA3A-8F17C2976624}"
EndProject
Global
	GlobalSection(SolutionConfigurationPlatforms) = preSolution
		Debug|Any CPU = Debug|Any CPU
		Release|Any CPU = Release|Any CPU
	EndGlobalSection
	GlobalSection(ProjectConfigurationPlatforms) = postSolution
		{A218DDE7-300D-486F-AA3A-8F17C2976624}.Debug|Any CPU.ActiveCfg = Debug|Any CPU
		{A218DDE7-300D-486F-AA3A-8F17C2976624}.Debug|Any CPU.Build.0 = Debug|Any CPU
		{A218DDE7-300D-486F-AA3A-8F17C2976624}.Release|Any CPU.ActiveCfg = Release|Any CPU
		{A218DDE7-300D-486F-AA3A-8F17C2976624}.Release|Any CPU.Build.0 = Release|Any CPU
	EndGlobalSection
	GlobalSection(SolutionProperties) = preSolution
		HideSolutionNode = FALSE
	EndGlobalSection
	GlobalSection(ExtensibilityGlobals) = postSolution
		SolutionGuid = {AB2B5A93-1767-4148-86B2-B2ED5F206B35}
	EndGlobalSection
EndGlobal
